// !$*UTF8*$!
{
	archiveVersion = 1;
	classes = {
	};
	objectVersion = 46;
	objects = {

/* Begin PBXBuildFile section */
		5595285E1BFA35080052D807 /* Post.swift in Sources */ = {isa = PBXBuildFile; fileRef = 5595285D1BFA35070052D807 /* Post.swift */; };
		55A605E31BF8D3F8002EDD9C /* AppDelegate.swift in Sources */ = {isa = PBXBuildFile; fileRef = 55A605E21BF8D3F8002EDD9C /* AppDelegate.swift */; };
		55A605E51BF8D3F8002EDD9C /* ViewController.swift in Sources */ = {isa = PBXBuildFile; fileRef = 55A605E41BF8D3F8002EDD9C /* ViewController.swift */; };
		55A605E81BF8D3F8002EDD9C /* Main.storyboard in Resources */ = {isa = PBXBuildFile; fileRef = 55A605E61BF8D3F8002EDD9C /* Main.storyboard */; };
		55A605EA1BF8D3F8002EDD9C /* Assets.xcassets in Resources */ = {isa = PBXBuildFile; fileRef = 55A605E91BF8D3F8002EDD9C /* Assets.xcassets */; };
		55A605ED1BF8D3F8002EDD9C /* LaunchScreen.storyboard in Resources */ = {isa = PBXBuildFile; fileRef = 55A605EB1BF8D3F8002EDD9C /* LaunchScreen.storyboard */; };
		55A605FC1BF8D44E002EDD9C /* NotoSans-Bold.ttf in Resources */ = {isa = PBXBuildFile; fileRef = 55A605F81BF8D44E002EDD9C /* NotoSans-Bold.ttf */; };
		55A605FD1BF8D44E002EDD9C /* NotoSans-BoldItalic.ttf in Resources */ = {isa = PBXBuildFile; fileRef = 55A605F91BF8D44E002EDD9C /* NotoSans-BoldItalic.ttf */; };
		55A605FE1BF8D44E002EDD9C /* NotoSans-Italic.ttf in Resources */ = {isa = PBXBuildFile; fileRef = 55A605FA1BF8D44E002EDD9C /* NotoSans-Italic.ttf */; };
		55A605FF1BF8D44E002EDD9C /* NotoSans-Regular.ttf in Resources */ = {isa = PBXBuildFile; fileRef = 55A605FB1BF8D44E002EDD9C /* NotoSans-Regular.ttf */; };
		55A606011BF8E209002EDD9C /* MaterialView.swift in Sources */ = {isa = PBXBuildFile; fileRef = 55A606001BF8E209002EDD9C /* MaterialView.swift */; };
		55A606041BF8E256002EDD9C /* Constants.swift in Sources */ = {isa = PBXBuildFile; fileRef = 55A606031BF8E256002EDD9C /* Constants.swift */; };
		55A606061BF8E9F5002EDD9C /* MaterialButton.swift in Sources */ = {isa = PBXBuildFile; fileRef = 55A606051BF8E9F5002EDD9C /* MaterialButton.swift */; };
		55A606081BF8EE56002EDD9C /* MaterialTextField.swift in Sources */ = {isa = PBXBuildFile; fileRef = 55A606071BF8EE56002EDD9C /* MaterialTextField.swift */; };
		55A6060D1BF9069E002EDD9C /* Bolts.framework in Frameworks */ = {isa = PBXBuildFile; fileRef = 55A6060A1BF9069E002EDD9C /* Bolts.framework */; };
		55A6060E1BF9069F002EDD9C /* FBSDKCoreKit.framework in Frameworks */ = {isa = PBXBuildFile; fileRef = 55A6060B1BF9069E002EDD9C /* FBSDKCoreKit.framework */; };
		55A6060F1BF9069F002EDD9C /* FBSDKLoginKit.framework in Frameworks */ = {isa = PBXBuildFile; fileRef = 55A6060C1BF9069E002EDD9C /* FBSDKLoginKit.framework */; };
		55A606121BF919EF002EDD9C /* DataServices.swift in Sources */ = {isa = PBXBuildFile; fileRef = 55A606111BF919EF002EDD9C /* DataServices.swift */; };
		55A606161BF96B23002EDD9C /* FeedVC.swift in Sources */ = {isa = PBXBuildFile; fileRef = 55A606151BF96B23002EDD9C /* FeedVC.swift */; };
		55A606181BF96C41002EDD9C /* PostCell.swift in Sources */ = {isa = PBXBuildFile; fileRef = 55A606171BF96C41002EDD9C /* PostCell.swift */; };
		B89D65D0D7DCD2B8DBFA403A /* Pods_coreDev_Showcase.framework in Frameworks */ = {isa = PBXBuildFile; fileRef = 961BD3F58D086C46B24253A9 /* Pods_coreDev_Showcase.framework */; };
/* End PBXBuildFile section */

/* Begin PBXFileReference section */
		1B3B32BBD355CCB88B38D2CC /* Pods-coreDev-Showcase.release.xcconfig */ = {isa = PBXFileReference; includeInIndex = 1; lastKnownFileType = text.xcconfig; name = "Pods-coreDev-Showcase.release.xcconfig"; path = "Pods/Target Support Files/Pods-coreDev-Showcase/Pods-coreDev-Showcase.release.xcconfig"; sourceTree = "<group>"; };
		3E91ED7D82D8013BC04C8BAA /* Pods-coreDev-Showcase.debug.xcconfig */ = {isa = PBXFileReference; includeInIndex = 1; lastKnownFileType = text.xcconfig; name = "Pods-coreDev-Showcase.debug.xcconfig"; path = "Pods/Target Support Files/Pods-coreDev-Showcase/Pods-coreDev-Showcase.debug.xcconfig"; sourceTree = "<group>"; };
		5595285D1BFA35070052D807 /* Post.swift */ = {isa = PBXFileReference; fileEncoding = 4; lastKnownFileType = sourcecode.swift; path = Post.swift; sourceTree = "<group>"; };
		55A605DF1BF8D3F8002EDD9C /* coreDev-Showcase.app */ = {isa = PBXFileReference; explicitFileType = wrapper.application; includeInIndex = 0; path = "coreDev-Showcase.app"; sourceTree = BUILT_PRODUCTS_DIR; };
		55A605E21BF8D3F8002EDD9C /* AppDelegate.swift */ = {isa = PBXFileReference; lastKnownFileType = sourcecode.swift; path = AppDelegate.swift; sourceTree = "<group>"; };
		55A605E41BF8D3F8002EDD9C /* ViewController.swift */ = {isa = PBXFileReference; lastKnownFileType = sourcecode.swift; path = ViewController.swift; sourceTree = "<group>"; };
		55A605E71BF8D3F8002EDD9C /* Base */ = {isa = PBXFileReference; lastKnownFileType = file.storyboard; name = Base; path = Base.lproj/Main.storyboard; sourceTree = "<group>"; };
		55A605E91BF8D3F8002EDD9C /* Assets.xcassets */ = {isa = PBXFileReference; lastKnownFileType = folder.assetcatalog; path = Assets.xcassets; sourceTree = "<group>"; };
		55A605EC1BF8D3F8002EDD9C /* Base */ = {isa = PBXFileReference; lastKnownFileType = file.storyboard; name = Base; path = Base.lproj/LaunchScreen.storyboard; sourceTree = "<group>"; };
		55A605EE1BF8D3F8002EDD9C /* Info.plist */ = {isa = PBXFileReference; lastKnownFileType = text.plist.xml; path = Info.plist; sourceTree = "<group>"; };
		55A605F81BF8D44E002EDD9C /* NotoSans-Bold.ttf */ = {isa = PBXFileReference; lastKnownFileType = file; path = "NotoSans-Bold.ttf"; sourceTree = "<group>"; };
		55A605F91BF8D44E002EDD9C /* NotoSans-BoldItalic.ttf */ = {isa = PBXFileReference; lastKnownFileType = file; path = "NotoSans-BoldItalic.ttf"; sourceTree = "<group>"; };
		55A605FA1BF8D44E002EDD9C /* NotoSans-Italic.ttf */ = {isa = PBXFileReference; lastKnownFileType = file; path = "NotoSans-Italic.ttf"; sourceTree = "<group>"; };
		55A605FB1BF8D44E002EDD9C /* NotoSans-Regular.ttf */ = {isa = PBXFileReference; lastKnownFileType = file; path = "NotoSans-Regular.ttf"; sourceTree = "<group>"; };
		55A606001BF8E209002EDD9C /* MaterialView.swift */ = {isa = PBXFileReference; fileEncoding = 4; lastKnownFileType = sourcecode.swift; path = MaterialView.swift; sourceTree = "<group>"; };
		55A606031BF8E256002EDD9C /* Constants.swift */ = {isa = PBXFileReference; fileEncoding = 4; lastKnownFileType = sourcecode.swift; path = Constants.swift; sourceTree = "<group>"; };
		55A606051BF8E9F5002EDD9C /* MaterialButton.swift */ = {isa = PBXFileReference; fileEncoding = 4; lastKnownFileType = sourcecode.swift; path = MaterialButton.swift; sourceTree = "<group>"; };
		55A606071BF8EE56002EDD9C /* MaterialTextField.swift */ = {isa = PBXFileReference; fileEncoding = 4; lastKnownFileType = sourcecode.swift; path = MaterialTextField.swift; sourceTree = "<group>"; };
		55A6060A1BF9069E002EDD9C /* Bolts.framework */ = {isa = PBXFileReference; lastKnownFileType = wrapper.framework; path = Bolts.framework; sourceTree = "<group>"; };
		55A6060B1BF9069E002EDD9C /* FBSDKCoreKit.framework */ = {isa = PBXFileReference; lastKnownFileType = wrapper.framework; path = FBSDKCoreKit.framework; sourceTree = "<group>"; };
		55A6060C1BF9069E002EDD9C /* FBSDKLoginKit.framework */ = {isa = PBXFileReference; lastKnownFileType = wrapper.framework; path = FBSDKLoginKit.framework; sourceTree = "<group>"; };
		55A606111BF919EF002EDD9C /* DataServices.swift */ = {isa = PBXFileReference; fileEncoding = 4; lastKnownFileType = sourcecode.swift; path = DataServices.swift; sourceTree = "<group>"; };
		55A606151BF96B23002EDD9C /* FeedVC.swift */ = {isa = PBXFileReference; fileEncoding = 4; lastKnownFileType = sourcecode.swift; path = FeedVC.swift; sourceTree = "<group>"; };
		55A606171BF96C41002EDD9C /* PostCell.swift */ = {isa = PBXFileReference; fileEncoding = 4; lastKnownFileType = sourcecode.swift; path = PostCell.swift; sourceTree = "<group>"; };
		961BD3F58D086C46B24253A9 /* Pods_coreDev_Showcase.framework */ = {isa = PBXFileReference; explicitFileType = wrapper.framework; includeInIndex = 0; path = Pods_coreDev_Showcase.framework; sourceTree = BUILT_PRODUCTS_DIR; };
/* End PBXFileReference section */

/* Begin PBXFrameworksBuildPhase section */
		55A605DC1BF8D3F8002EDD9C /* Frameworks */ = {
			isa = PBXFrameworksBuildPhase;
			buildActionMask = 2147483647;
			files = (
				55A6060D1BF9069E002EDD9C /* Bolts.framework in Frameworks */,
				55A6060E1BF9069F002EDD9C /* FBSDKCoreKit.framework in Frameworks */,
				55A6060F1BF9069F002EDD9C /* FBSDKLoginKit.framework in Frameworks */,
				B89D65D0D7DCD2B8DBFA403A /* Pods_coreDev_Showcase.framework in Frameworks */,
			);
			runOnlyForDeploymentPostprocessing = 0;
		};
/* End PBXFrameworksBuildPhase section */

/* Begin PBXGroup section */
		51D2D63038DE582D7DEC037F /* Frameworks */ = {
			isa = PBXGroup;
			children = (
				961BD3F58D086C46B24253A9 /* Pods_coreDev_Showcase.framework */,
			);
			name = Frameworks;
			sourceTree = "<group>";
		};
		55A605D61BF8D3F8002EDD9C = {
			isa = PBXGroup;
			children = (
				55A605E11BF8D3F8002EDD9C /* coreDev-Showcase */,
				55A605E01BF8D3F8002EDD9C /* Products */,
				F1A04DFFC8D5AACFC06FF60E /* Pods */,
				51D2D63038DE582D7DEC037F /* Frameworks */,
			);
			sourceTree = "<group>";
		};
		55A605E01BF8D3F8002EDD9C /* Products */ = {
			isa = PBXGroup;
			children = (
				55A605DF1BF8D3F8002EDD9C /* coreDev-Showcase.app */,
			);
			name = Products;
			sourceTree = "<group>";
		};
		55A605E11BF8D3F8002EDD9C /* coreDev-Showcase */ = {
			isa = PBXGroup;
			children = (
				55A606101BF919D6002EDD9C /* Services */,
				55A606091BF90689002EDD9C /* Frameworks */,
				55A606021BF8E243002EDD9C /* Util */,
				55A605F71BF8D429002EDD9C /* Resources */,
				55A605F61BF8D423002EDD9C /* Model */,
				55A605F51BF8D41A002EDD9C /* View */,
				55A605F41BF8D40C002EDD9C /* Controller */,
				55A605E21BF8D3F8002EDD9C /* AppDelegate.swift */,
				55A605E61BF8D3F8002EDD9C /* Main.storyboard */,
				55A605E91BF8D3F8002EDD9C /* Assets.xcassets */,
				55A605EB1BF8D3F8002EDD9C /* LaunchScreen.storyboard */,
				55A605EE1BF8D3F8002EDD9C /* Info.plist */,
			);
			path = "coreDev-Showcase";
			sourceTree = "<group>";
		};
		55A605F41BF8D40C002EDD9C /* Controller */ = {
			isa = PBXGroup;
			children = (
				55A605E41BF8D3F8002EDD9C /* ViewController.swift */,
				55A606151BF96B23002EDD9C /* FeedVC.swift */,
			);
			name = Controller;
			sourceTree = "<group>";
		};
		55A605F51BF8D41A002EDD9C /* View */ = {
			isa = PBXGroup;
			children = (
				55A606001BF8E209002EDD9C /* MaterialView.swift */,
				55A606051BF8E9F5002EDD9C /* MaterialButton.swift */,
				55A606071BF8EE56002EDD9C /* MaterialTextField.swift */,
				55A606171BF96C41002EDD9C /* PostCell.swift */,
			);
			name = View;
			sourceTree = "<group>";
		};
		55A605F61BF8D423002EDD9C /* Model */ = {
			isa = PBXGroup;
			children = (
				5595285D1BFA35070052D807 /* Post.swift */,
			);
			name = Model;
			sourceTree = "<group>";
		};
		55A605F71BF8D429002EDD9C /* Resources */ = {
			isa = PBXGroup;
			children = (
				55A605F81BF8D44E002EDD9C /* NotoSans-Bold.ttf */,
				55A605F91BF8D44E002EDD9C /* NotoSans-BoldItalic.ttf */,
				55A605FA1BF8D44E002EDD9C /* NotoSans-Italic.ttf */,
				55A605FB1BF8D44E002EDD9C /* NotoSans-Regular.ttf */,
			);
			name = Resources;
			sourceTree = "<group>";
		};
		55A606021BF8E243002EDD9C /* Util */ = {
			isa = PBXGroup;
			children = (
				55A606031BF8E256002EDD9C /* Constants.swift */,
			);
			name = Util;
			sourceTree = "<group>";
		};
		55A606091BF90689002EDD9C /* Frameworks */ = {
			isa = PBXGroup;
			children = (
				55A6060A1BF9069E002EDD9C /* Bolts.framework */,
				55A6060B1BF9069E002EDD9C /* FBSDKCoreKit.framework */,
				55A6060C1BF9069E002EDD9C /* FBSDKLoginKit.framework */,
			);
			name = Frameworks;
			sourceTree = "<group>";
		};
		55A606101BF919D6002EDD9C /* Services */ = {
			isa = PBXGroup;
			children = (
				55A606111BF919EF002EDD9C /* DataServices.swift */,
			);
			name = Services;
			sourceTree = "<group>";
		};
		F1A04DFFC8D5AACFC06FF60E /* Pods */ = {
			isa = PBXGroup;
			children = (
				3E91ED7D82D8013BC04C8BAA /* Pods-coreDev-Showcase.debug.xcconfig */,
				1B3B32BBD355CCB88B38D2CC /* Pods-coreDev-Showcase.release.xcconfig */,
			);
			name = Pods;
			sourceTree = "<group>";
		};
/* End PBXGroup section */

/* Begin PBXNativeTarget section */
		55A605DE1BF8D3F8002EDD9C /* coreDev-Showcase */ = {
			isa = PBXNativeTarget;
			buildConfigurationList = 55A605F11BF8D3F8002EDD9C /* Build configuration list for PBXNativeTarget "coreDev-Showcase" */;
			buildPhases = (
				69C77C4421362F681DEC03EF /* Check Pods Manifest.lock */,
				55A605DB1BF8D3F8002EDD9C /* Sources */,
				55A605DC1BF8D3F8002EDD9C /* Frameworks */,
				55A605DD1BF8D3F8002EDD9C /* Resources */,
				8674DE3C2B7CA976FF298232 /* Embed Pods Frameworks */,
				AFFACB1D26AD5F10D1F10E0C /* Copy Pods Resources */,
			);
			buildRules = (
			);
			dependencies = (
			);
			name = "coreDev-Showcase";
			productName = "coreDev-Showcase";
			productReference = 55A605DF1BF8D3F8002EDD9C /* coreDev-Showcase.app */;
			productType = "com.apple.product-type.application";
		};
/* End PBXNativeTarget section */

/* Begin PBXProject section */
		55A605D71BF8D3F8002EDD9C /* Project object */ = {
			isa = PBXProject;
			attributes = {
				LastSwiftUpdateCheck = 0710;
				LastUpgradeCheck = 0710;
				ORGANIZATIONNAME = CoreDev;
				TargetAttributes = {
					55A605DE1BF8D3F8002EDD9C = {
						CreatedOnToolsVersion = 7.1.1;
						DevelopmentTeam = 27E995L82F;
					};
				};
			};
			buildConfigurationList = 55A605DA1BF8D3F8002EDD9C /* Build configuration list for PBXProject "coreDev-Showcase" */;
			compatibilityVersion = "Xcode 3.2";
			developmentRegion = English;
			hasScannedForEncodings = 0;
			knownRegions = (
				en,
				Base,
			);
			mainGroup = 55A605D61BF8D3F8002EDD9C;
			productRefGroup = 55A605E01BF8D3F8002EDD9C /* Products */;
			projectDirPath = "";
			projectRoot = "";
			targets = (
				55A605DE1BF8D3F8002EDD9C /* coreDev-Showcase */,
			);
		};
/* End PBXProject section */

/* Begin PBXResourcesBuildPhase section */
		55A605DD1BF8D3F8002EDD9C /* Resources */ = {
			isa = PBXResourcesBuildPhase;
			buildActionMask = 2147483647;
			files = (
				55A605FC1BF8D44E002EDD9C /* NotoSans-Bold.ttf in Resources */,
				55A605ED1BF8D3F8002EDD9C /* LaunchScreen.storyboard in Resources */,
				55A605FD1BF8D44E002EDD9C /* NotoSans-BoldItalic.ttf in Resources */,
				55A605FE1BF8D44E002EDD9C /* NotoSans-Italic.ttf in Resources */,
				55A605EA1BF8D3F8002EDD9C /* Assets.xcassets in Resources */,
				55A605E81BF8D3F8002EDD9C /* Main.storyboard in Resources */,
				55A605FF1BF8D44E002EDD9C /* NotoSans-Regular.ttf in Resources */,
			);
			runOnlyForDeploymentPostprocessing = 0;
		};
/* End PBXResourcesBuildPhase section */

/* Begin PBXShellScriptBuildPhase section */
		69C77C4421362F681DEC03EF /* Check Pods Manifest.lock */ = {
			isa = PBXShellScriptBuildPhase;
			buildActionMask = 2147483647;
			files = (
			);
			inputPaths = (
			);
			name = "Check Pods Manifest.lock";
			outputPaths = (
			);
			runOnlyForDeploymentPostprocessing = 0;
			shellPath = /bin/sh;
			shellScript = "diff \"${PODS_ROOT}/../Podfile.lock\" \"${PODS_ROOT}/Manifest.lock\" > /dev/null\nif [[ $? != 0 ]] ; then\n    cat << EOM\nerror: The sandbox is not in sync with the Podfile.lock. Run 'pod install' or update your CocoaPods installation.\nEOM\n    exit 1\nfi\n";
			showEnvVarsInLog = 0;
		};
		8674DE3C2B7CA976FF298232 /* Embed Pods Frameworks */ = {
			isa = PBXShellScriptBuildPhase;
			buildActionMask = 2147483647;
			files = (
			);
			inputPaths = (
			);
			name = "Embed Pods Frameworks";
			outputPaths = (
			);
			runOnlyForDeploymentPostprocessing = 0;
			shellPath = /bin/sh;
			shellScript = "\"${SRCROOT}/Pods/Target Support Files/Pods-coreDev-Showcase/Pods-coreDev-Showcase-frameworks.sh\"\n";
			showEnvVarsInLog = 0;
		};
		AFFACB1D26AD5F10D1F10E0C /* Copy Pods Resources */ = {
			isa = PBXShellScriptBuildPhase;
			buildActionMask = 2147483647;
			files = (
			);
			inputPaths = (
			);
			name = "Copy Pods Resources";
			outputPaths = (
			);
			runOnlyForDeploymentPostprocessing = 0;
			shellPath = /bin/sh;
			shellScript = "\"${SRCROOT}/Pods/Target Support Files/Pods-coreDev-Showcase/Pods-coreDev-Showcase-resources.sh\"\n";
			showEnvVarsInLog = 0;
		};
/* End PBXShellScriptBuildPhase section */

/* Begin PBXSourcesBuildPhase section */
		55A605DB1BF8D3F8002EDD9C /* Sources */ = {
			isa = PBXSourcesBuildPhase;
			buildActionMask = 2147483647;
			files = (
				55A606081BF8EE56002EDD9C /* MaterialTextField.swift in Sources */,
				55A606121BF919EF002EDD9C /* DataServices.swift in Sources */,
				55A606011BF8E209002EDD9C /* MaterialView.swift in Sources */,
				55A605E51BF8D3F8002EDD9C /* ViewController.swift in Sources */,
				55A606161BF96B23002EDD9C /* FeedVC.swift in Sources */,
				55A606181BF96C41002EDD9C /* PostCell.swift in Sources */,
				55A605E31BF8D3F8002EDD9C /* AppDelegate.swift in Sources */,
				55A606041BF8E256002EDD9C /* Constants.swift in Sources */,
				55A606061BF8E9F5002EDD9C /* MaterialButton.swift in Sources */,
				5595285E1BFA35080052D807 /* Post.swift in Sources */,
			);
			runOnlyForDeploymentPostprocessing = 0;
		};
/* End PBXSourcesBuildPhase section */

/* Begin PBXVariantGroup section */
		55A605E61BF8D3F8002EDD9C /* Main.storyboard */ = {
			isa = PBXVariantGroup;
			children = (
				55A605E71BF8D3F8002EDD9C /* Base */,
			);
			name = Main.storyboard;
			sourceTree = "<group>";
		};
		55A605EB1BF8D3F8002EDD9C /* LaunchScreen.storyboard */ = {
			isa = PBXVariantGroup;
			children = (
				55A605EC1BF8D3F8002EDD9C /* Base */,
			);
			name = LaunchScreen.storyboard;
			sourceTree = "<group>";
		};
/* End PBXVariantGroup section */

/* Begin XCBuildConfiguration section */
		55A605EF1BF8D3F8002EDD9C /* Debug */ = {
			isa = XCBuildConfiguration;
			buildSettings = {
				ALWAYS_SEARCH_USER_PATHS = NO;
				CLANG_CXX_LANGUAGE_STANDARD = "gnu++0x";
				CLANG_CXX_LIBRARY = "libc++";
				CLANG_ENABLE_MODULES = YES;
				CLANG_ENABLE_OBJC_ARC = YES;
				CLANG_WARN_BOOL_CONVERSION = YES;
				CLANG_WARN_CONSTANT_CONVERSION = YES;
				CLANG_WARN_DIRECT_OBJC_ISA_USAGE = YES_ERROR;
				CLANG_WARN_EMPTY_BODY = YES;
				CLANG_WARN_ENUM_CONVERSION = YES;
				CLANG_WARN_INT_CONVERSION = YES;
				CLANG_WARN_OBJC_ROOT_CLASS = YES_ERROR;
				CLANG_WARN_UNREACHABLE_CODE = YES;
				CLANG_WARN__DUPLICATE_METHOD_MATCH = YES;
				"CODE_SIGN_IDENTITY[sdk=iphoneos*]" = "iPhone Developer";
				COPY_PHASE_STRIP = NO;
				DEBUG_INFORMATION_FORMAT = dwarf;
				ENABLE_STRICT_OBJC_MSGSEND = YES;
				ENABLE_TESTABILITY = YES;
				GCC_C_LANGUAGE_STANDARD = gnu99;
				GCC_DYNAMIC_NO_PIC = NO;
				GCC_NO_COMMON_BLOCKS = YES;
				GCC_OPTIMIZATION_LEVEL = 0;
				GCC_PREPROCESSOR_DEFINITIONS = (
					"DEBUG=1",
					"$(inherited)",
				);
				GCC_WARN_64_TO_32_BIT_CONVERSION = YES;
				GCC_WARN_ABOUT_RETURN_TYPE = YES_ERROR;
				GCC_WARN_UNDECLARED_SELECTOR = YES;
				GCC_WARN_UNINITIALIZED_AUTOS = YES_AGGRESSIVE;
				GCC_WARN_UNUSED_FUNCTION = YES;
				GCC_WARN_UNUSED_VARIABLE = YES;
				IPHONEOS_DEPLOYMENT_TARGET = 9.1;
				MTL_ENABLE_DEBUG_INFO = YES;
				ONLY_ACTIVE_ARCH = YES;
				SDKROOT = iphoneos;
				SWIFT_OPTIMIZATION_LEVEL = "-Onone";
				TARGETED_DEVICE_FAMILY = "1,2";
			};
			name = Debug;
		};
		55A605F01BF8D3F8002EDD9C /* Release */ = {
			isa = XCBuildConfiguration;
			buildSettings = {
				ALWAYS_SEARCH_USER_PATHS = NO;
				CLANG_CXX_LANGUAGE_STANDARD = "gnu++0x";
				CLANG_CXX_LIBRARY = "libc++";
				CLANG_ENABLE_MODULES = YES;
				CLANG_ENABLE_OBJC_ARC = YES;
				CLANG_WARN_BOOL_CONVERSION = YES;
				CLANG_WARN_CONSTANT_CONVERSION = YES;
				CLANG_WARN_DIRECT_OBJC_ISA_USAGE = YES_ERROR;
				CLANG_WARN_EMPTY_BODY = YES;
				CLANG_WARN_ENUM_CONVERSION = YES;
				CLANG_WARN_INT_CONVERSION = YES;
				CLANG_WARN_OBJC_ROOT_CLASS = YES_ERROR;
				CLANG_WARN_UNREACHABLE_CODE = YES;
				CLANG_WARN__DUPLICATE_METHOD_MATCH = YES;
				"CODE_SIGN_IDENTITY[sdk=iphoneos*]" = "iPhone Developer";
				COPY_PHASE_STRIP = NO;
				DEBUG_INFORMATION_FORMAT = "dwarf-with-dsym";
				ENABLE_NS_ASSERTIONS = NO;
				ENABLE_STRICT_OBJC_MSGSEND = YES;
				GCC_C_LANGUAGE_STANDARD = gnu99;
				GCC_NO_COMMON_BLOCKS = YES;
				GCC_WARN_64_TO_32_BIT_CONVERSION = YES;
				GCC_WARN_ABOUT_RETURN_TYPE = YES_ERROR;
				GCC_WARN_UNDECLARED_SELECTOR = YES;
				GCC_WARN_UNINITIALIZED_AUTOS = YES_AGGRESSIVE;
				GCC_WARN_UNUSED_FUNCTION = YES;
				GCC_WARN_UNUSED_VARIABLE = YES;
				IPHONEOS_DEPLOYMENT_TARGET = 9.1;
				MTL_ENABLE_DEBUG_INFO = NO;
				SDKROOT = iphoneos;
				TARGETED_DEVICE_FAMILY = "1,2";
				VALIDATE_PRODUCT = YES;
			};
			name = Release;
		};
		55A605F21BF8D3F8002EDD9C /* Debug */ = {
			isa = XCBuildConfiguration;
			baseConfigurationReference = 3E91ED7D82D8013BC04C8BAA /* Pods-coreDev-Showcase.debug.xcconfig */;
			buildSettings = {
				ASSETCATALOG_COMPILER_APPICON_NAME = AppIcon;
				ENABLE_BITCODE = NO;
				FRAMEWORK_SEARCH_PATHS = (
					"$(inherited)",
					"$(PROJECT_DIR)/coreDev-Showcase",
				);
				INFOPLIST_FILE = "coreDev-Showcase/Info.plist";
				LD_RUNPATH_SEARCH_PATHS = "$(inherited) @executable_path/Frameworks";
				PRODUCT_BUNDLE_IDENTIFIER = "coreDev.coreDev-Showcase";
				PRODUCT_NAME = "$(TARGET_NAME)";
			};
			name = Debug;
		};
		55A605F31BF8D3F8002EDD9C /* Release */ = {
			isa = XCBuildConfiguration;
			baseConfigurationReference = 1B3B32BBD355CCB88B38D2CC /* Pods-coreDev-Showcase.release.xcconfig */;
			buildSettings = {
				ASSETCATALOG_COMPILER_APPICON_NAME = AppIcon;
				ENABLE_BITCODE = NO;
				FRAMEWORK_SEARCH_PATHS = (
					"$(inherited)",
					"$(PROJECT_DIR)/coreDev-Showcase",
				);
				INFOPLIST_FILE = "coreDev-Showcase/Info.plist";
				LD_RUNPATH_SEARCH_PATHS = "$(inherited) @executable_path/Frameworks";
				PRODUCT_BUNDLE_IDENTIFIER = "coreDev.coreDev-Showcase";
				PRODUCT_NAME = "$(TARGET_NAME)";
			};
			name = Release;
		};
/* End XCBuildConfiguration section */

/* Begin XCConfigurationList section */
		55A605DA1BF8D3F8002EDD9C /* Build configuration list for PBXProject "coreDev-Showcase" */ = {
			isa = XCConfigurationList;
			buildConfigurations = (
				55A605EF1BF8D3F8002EDD9C /* Debug */,
				55A605F01BF8D3F8002EDD9C /* Release */,
			);
			defaultConfigurationIsVisible = 0;
			defaultConfigurationName = Release;
		};
		55A605F11BF8D3F8002EDD9C /* Build configuration list for PBXNativeTarget "coreDev-Showcase" */ = {
			isa = XCConfigurationList;
			buildConfigurations = (
				55A605F21BF8D3F8002EDD9C /* Debug */,
				55A605F31BF8D3F8002EDD9C /* Release */,
			);
			defaultConfigurationIsVisible = 0;
			defaultConfigurationName = Release;
		};
/* End XCConfigurationList section */
	};
	rootObject = 55A605D71BF8D3F8002EDD9C /* Project object */;
}
